
Microsoft Visual Studio Solution File, Format Version 12.00
# Visual Studio Version 17
VisualStudioVersion = 17.11.35327.3
MinimumVisualStudioVersion = 10.0.40219.1
Project("{FAE04EC0-301F-11D3-BF4B-00C04F79EFBC}") = "Tests_application", "Tests_application.csproj", "{705C1B2A-9C06-40DB-88A8-27028668A3EE}"
EndProject
Global
	GlobalSection(SolutionConfigurationPlatforms) = preSolution
		Debug|Any CPU = Debug|Any CPU
		Release|Any CPU = Release|Any CPU
	EndGlobalSection
	GlobalSection(ProjectConfigurationPlatforms) = postSolution
		{705C1B2A-9C06-40DB-88A8-27028668A3EE}.Debug|Any CPU.ActiveCfg = Debug|Any CPU
		{705C1B2A-9C06-40DB-88A8-27028668A3EE}.Debug|Any CPU.Build.0 = Debug|Any CPU
		{705C1B2A-9C06-40DB-88A8-27028668A3EE}.Release|Any CPU.ActiveCfg = Release|Any CPU
		{705C1B2A-9C06-40DB-88A8-27028668A3EE}.Release|Any CPU.Build.0 = Release|Any CPU
	EndGlobalSection
	GlobalSection(SolutionProperties) = preSolution
		HideSolutionNode = FALSE
	EndGlobalSection
	GlobalSection(ExtensibilityGlobals) = postSolution
		SolutionGuid = {E8D3C544-FE79-460B-B8F8-269954BE6C03}
	EndGlobalSection
EndGlobal
